{
  "name": "@wolfsblvt/forgehand",
  "version": "0.2.0",
  "lockfileVersion": 3,
  "requires": true,
  "packages": {
    "": {
      "name": "@wolfsblvt/forgehand",
      "version": "0.2.0",
      "license": "MIT",
      "bin": {
        "forgehand": "src/cli.mjs"
      },
      "engines": {
        "node": ">=22"
      }
    }
  }
}
